
Microsoft Visual Studio Solution File, Format Version 12.00
# Visual Studio 15
VisualStudioVersion = 15.0.28010.2019
MinimumVisualStudioVersion = 10.0.40219.1
Project("{8BC9CEB8-8B4A-11D0-8D11-00A0C91BC942}") = "Learn CPP", "Learn CPP\Learn CPP.vcxproj", "{1F9CBE73-6684-4446-BDB2-270346ABDBA2}"
EndProject
Global
	GlobalSection(SolutionConfigurationPlatforms) = preSolution
		Debug|x64 = Debug|x64
		Debug|x86 = Debug|x86
		Release|x64 = Release|x64
		Release|x86 = Release|x86
	EndGlobalSection
	GlobalSection(ProjectConfigurationPlatforms) = postSolution
		{1F9CBE73-6684-4446-BDB2-270346ABDBA2}.Debug|x64.ActiveCfg = Debug|x64
		{1F9CBE73-6684-4446-BDB2-270346ABDBA2}.Debug|x64.Build.0 = Debug|x64
		{1F9CBE73-6684-4446-BDB2-270346ABDBA2}.Debug|x86.ActiveCfg = Debug|Win32
		{1F9CBE73-6684-4446-BDB2-270346ABDBA2}.Debug|x86.Build.0 = Debug|Win32
		{1F9CBE73-6684-4446-BDB2-270346ABDBA2}.Release|x64.ActiveCfg = Release|x64
		{1F9CBE73-6684-4446-BDB2-270346ABDBA2}.Release|x64.Build.0 = Release|x64
		{1F9CBE73-6684-4446-BDB2-270346ABDBA2}.Release|x86.ActiveCfg = Release|Win32
		{1F9CBE73-6684-4446-BDB2-270346ABDBA2}.Release|x86.Build.0 = Release|Win32
	EndGlobalSection
	GlobalSection(SolutionProperties) = preSolution
		HideSolutionNode = FALSE
	EndGlobalSection
	GlobalSection(ExtensibilityGlobals) = postSolution
		SolutionGuid = {A9ACB171-54E4-49D4-9202-B28EC2B1CCB1}
	EndGlobalSection
EndGlobal
